
Microsoft Visual Studio Solution File, Format Version 12.00
# Visual Studio Version 17
VisualStudioVersion = 17.3.32819.101
MinimumVisualStudioVersion = 10.0.40219.1
Project("{FAE04EC0-301F-11D3-BF4B-00C04F79EFBC}") = "CaptchaGenerator", "CaptchaGenerator\CaptchaGenerator.csproj", "{8464F753-4F5B-46B2-89EF-5092D6B5082D}"
EndProject
Global
	GlobalSection(SolutionConfigurationPlatforms) = preSolution
		Debug|Any CPU = Debug|Any CPU
		Release|Any CPU = Release|Any CPU
	EndGlobalSection
	GlobalSection(ProjectConfigurationPlatforms) = postSolution
		{8464F753-4F5B-46B2-89EF-5092D6B5082D}.Debug|Any CPU.ActiveCfg = Debug|Any CPU
		{8464F753-4F5B-46B2-89EF-5092D6B5082D}.Debug|Any CPU.Build.0 = Debug|Any CPU
		{8464F753-4F5B-46B2-89EF-5092D6B5082D}.Release|Any CPU.ActiveCfg = Release|Any CPU
		{8464F753-4F5B-46B2-89EF-5092D6B5082D}.Release|Any CPU.Build.0 = Release|Any CPU
	EndGlobalSection
	GlobalSection(SolutionProperties) = preSolution
		HideSolutionNode = FALSE
	EndGlobalSection
	GlobalSection(ExtensibilityGlobals) = postSolution
		SolutionGuid = {17B2C951-8F4E-40A8-A740-0DE200570F16}
	EndGlobalSection
EndGlobal
